{
    "_readme": [
        "This file locks the dependencies of your project to a known state",
        "Read more about it at https://getcomposer.org/doc/01-basic-usage.md#installing-dependencies",
        "This file is @generated automatically"
    ],
    "content-hash": "d58bb90f492d1ad7cdd303851f3a0088",
    "packages": [
        {
            "name": "astrotomic/php-twemoji",
            "version": "0.2.2",
            "source": {
                "type": "git",
                "url": "https://github.com/Astrotomic/php-twemoji.git",
                "reference": "960bc12c1e156a21a869efdb9045ed42f54a2c6c"
            },
            "dist": {
                "type": "zip",
                "url": "https://api.github.com/repos/Astrotomic/php-twemoji/zipball/960bc12c1e156a21a869efdb9045ed42f54a2c6c",
                "reference": "960bc12c1e156a21a869efdb9045ed42f54a2c6c",
                "shasum": ""
            },
            "require": {
                "ext-json": "*",
                "ext-mbstring": "*",
                "php": "^7.4 || ^8.0"
            },
            "require-dev": {
                "pestphp/pest": "^0.3.0",
                "s9e/regexp-builder": "^1.4",
                "spatie/emoji": "^2.3.0",
                "spatie/pest-plugin-snapshots": "^1.0"
            },
            "suggest": {
                "spatie/emoji": "*"
            },
            "type": "library",
            "autoload": {
                "psr-4": {
                    "Astrotomic\\Twemoji\\": "src"
                }
            },
            "notification-url": "https://packagist.org/downloads/",
            "license": [
                "MIT"
            ],
            "authors": [
                {
                    "name": "Tom Witkowski",
                    "email": "gummibeer@astrotomic.info",
                    "homepage": "https://astrotomic.info",
                    "role": "Developer"
                }
            ],
            "description": "Easily generate Twemoji URLs",
            "homepage": "https://github.com/Astrotomic/php-twemoji",
            "keywords": [
                "emoji",
                "twemoji",
                "unicode"
            ],
            "support": {
                "issues": "https://github.com/Astrotomic/php-twemoji/issues",
                "source": "https://github.com/Astrotomic/php-twemoji/tree/0.2.2"
            },
            "funding": [
                {
                    "url": "https://forest.astrotomic.info",
                    "type": "custom"
                },
                {
                    "url": "https://github.com/Gummibeer",
                    "type": "github"
                },
                {
                    "url": "https://github.com/SarahSibert",
                    "type": "github"
                },
                {
                    "url": "https://issuehunt.io/r/astrotomic",
                    "type": "issuehunt"
                }
            ],
            "time": "2022-02-05T09:04:00+00:00"
        }
    ],
    "packages-dev": [],
    "aliases": [],
    "minimum-stability": "stable",
    "stability-flags": [],
    "prefer-stable": false,
    "prefer-lowest": false,
    "platform": {
        "php": ">=7.2"
    },
    "platform-dev": [],
    "plugin-api-version": "2.0.0"
}
